# THIS IS AN AUTOGENERATED FILE. DO NOT EDIT THIS FILE DIRECTLY.
# yarn lockfile v1


csv-parse@^5.3.3:
  version "5.5.0"
  resolved "https://registry.yarnpkg.com/csv-parse/-/csv-parse-5.5.0.tgz#2313421e69b650dae32a79ac884b20b21ca1d9da"
  integrity sha512-RxruSK3M4XgzcD7Trm2wEN+SJ26ChIb903+IWxNOcB5q4jT2Cs+hFr6QP39J05EohshRFEvyzEBoZ/466S2sbw==
